// !$*UTF8*$!
{
	archiveVersion = 1;
	classes = {
	};
	objectVersion = 55;
	objects = {

/* Begin PBXBuildFile section */
		BCA12499281CA04A00B954BE /* Cards.swift in Sources */ = {isa = PBXBuildFile; fileRef = BCA12498281CA04A00B954BE /* Cards.swift */; };
		BCCB44E12803489B005E9EEB /* Weapon.swift in Sources */ = {isa = PBXBuildFile; fileRef = BCCB44E02803489B005E9EEB /* Weapon.swift */; };
		BCD4E65827E2640D008F7431 /* main.swift in Sources */ = {isa = PBXBuildFile; fileRef = BCD4E65727E2640D008F7431 /* main.swift */; };
		BCD4E65F27E264B8008F7431 /* Fighters.swift in Sources */ = {isa = PBXBuildFile; fileRef = BCD4E65E27E264B8008F7431 /* Fighters.swift */; };
		BCD4E66127E266C7008F7431 /* Game.swift in Sources */ = {isa = PBXBuildFile; fileRef = BCD4E66027E266C7008F7431 /* Game.swift */; };
		BCD4E66527E26A19008F7431 /* Guild.swift in Sources */ = {isa = PBXBuildFile; fileRef = BCD4E66427E26A19008F7431 /* Guild.swift */; };
		BCD4E66727E26A38008F7431 /* Player.swift in Sources */ = {isa = PBXBuildFile; fileRef = BCD4E66627E26A38008F7431 /* Player.swift */; };
/* End PBXBuildFile section */

/* Begin PBXCopyFilesBuildPhase section */
		BCD4E65227E2640D008F7431 /* CopyFiles */ = {
			isa = PBXCopyFilesBuildPhase;
			buildActionMask = 2147483647;
			dstPath = /usr/share/man/man1/;
			dstSubfolderSpec = 0;
			files = (
			);
			runOnlyForDeploymentPostprocessing = 1;
		};
/* End PBXCopyFilesBuildPhase section */

/* Begin PBXFileReference section */
		BCA12498281CA04A00B954BE /* Cards.swift */ = {isa = PBXFileReference; fileEncoding = 4; lastKnownFileType = sourcecode.swift; path = Cards.swift; sourceTree = "<group>"; };
		BCCB44E02803489B005E9EEB /* Weapon.swift */ = {isa = PBXFileReference; lastKnownFileType = sourcecode.swift; path = Weapon.swift; sourceTree = "<group>"; };
		BCD4E65427E2640D008F7431 /* Game_theLastBattle */ = {isa = PBXFileReference; explicitFileType = "compiled.mach-o.executable"; includeInIndex = 0; path = Game_theLastBattle; sourceTree = BUILT_PRODUCTS_DIR; };
		BCD4E65727E2640D008F7431 /* main.swift */ = {isa = PBXFileReference; lastKnownFileType = sourcecode.swift; path = main.swift; sourceTree = "<group>"; };
		BCD4E65E27E264B8008F7431 /* Fighters.swift */ = {isa = PBXFileReference; lastKnownFileType = sourcecode.swift; path = Fighters.swift; sourceTree = "<group>"; };
		BCD4E66027E266C7008F7431 /* Game.swift */ = {isa = PBXFileReference; lastKnownFileType = sourcecode.swift; path = Game.swift; sourceTree = "<group>"; };
		BCD4E66427E26A19008F7431 /* Guild.swift */ = {isa = PBXFileReference; lastKnownFileType = sourcecode.swift; path = Guild.swift; sourceTree = "<group>"; };
		BCD4E66627E26A38008F7431 /* Player.swift */ = {isa = PBXFileReference; lastKnownFileType = sourcecode.swift; path = Player.swift; sourceTree = "<group>"; };
/* End PBXFileReference section */

/* Begin PBXFrameworksBuildPhase section */
		BCD4E65127E2640D008F7431 /* Frameworks */ = {
			isa = PBXFrameworksBuildPhase;
			buildActionMask = 2147483647;
			files = (
			);
			runOnlyForDeploymentPostprocessing = 0;
		};
/* End PBXFrameworksBuildPhase section */

/* Begin PBXGroup section */
		BCD4E64B27E2640D008F7431 = {
			isa = PBXGroup;
			children = (
				BCD4E65627E2640D008F7431 /* Game_theLastBattle */,
				BCD4E65527E2640D008F7431 /* Products */,
			);
			sourceTree = "<group>";
		};
		BCD4E65527E2640D008F7431 /* Products */ = {
			isa = PBXGroup;
			children = (
				BCD4E65427E2640D008F7431 /* Game_theLastBattle */,
			);
			name = Products;
			sourceTree = "<group>";
		};
		BCD4E65627E2640D008F7431 /* Game_theLastBattle */ = {
			isa = PBXGroup;
			children = (
				BCD4E65727E2640D008F7431 /* main.swift */,
				BCD4E66027E266C7008F7431 /* Game.swift */,
				BCD4E66627E26A38008F7431 /* Player.swift */,
				BCD4E66427E26A19008F7431 /* Guild.swift */,
				BCD4E65E27E264B8008F7431 /* Fighters.swift */,
				BCCB44E02803489B005E9EEB /* Weapon.swift */,
				BCA12498281CA04A00B954BE /* Cards.swift */,
			);
			path = Game_theLastBattle;
			sourceTree = "<group>";
		};
/* End PBXGroup section */

/* Begin PBXNativeTarget section */
		BCD4E65327E2640D008F7431 /* Game_theLastBattle */ = {
			isa = PBXNativeTarget;
			buildConfigurationList = BCD4E65B27E2640D008F7431 /* Build configuration list for PBXNativeTarget "Game_theLastBattle" */;
			buildPhases = (
				BCD4E65027E2640D008F7431 /* Sources */,
				BCD4E65127E2640D008F7431 /* Frameworks */,
				BCD4E65227E2640D008F7431 /* CopyFiles */,
			);
			buildRules = (
			);
			dependencies = (
			);
			name = Game_theLastBattle;
			productName = Game_theLastBattle;
			productReference = BCD4E65427E2640D008F7431 /* Game_theLastBattle */;
			productType = "com.apple.product-type.tool";
		};
/* End PBXNativeTarget section */

/* Begin PBXProject section */
		BCD4E64C27E2640D008F7431 /* Project object */ = {
			isa = PBXProject;
			attributes = {
				BuildIndependentTargetsInParallel = 1;
				LastSwiftUpdateCheck = 1330;
				LastUpgradeCheck = 1330;
				TargetAttributes = {
					BCD4E65327E2640D008F7431 = {
						CreatedOnToolsVersion = 13.3;
					};
				};
			};
			buildConfigurationList = BCD4E64F27E2640D008F7431 /* Build configuration list for PBXProject "Game_theLastBattle" */;
			compatibilityVersion = "Xcode 13.0";
			developmentRegion = en;
			hasScannedForEncodings = 0;
			knownRegions = (
				en,
				Base,
			);
			mainGroup = BCD4E64B27E2640D008F7431;
			productRefGroup = BCD4E65527E2640D008F7431 /* Products */;
			projectDirPath = "";
			projectRoot = "";
			targets = (
				BCD4E65327E2640D008F7431 /* Game_theLastBattle */,
			);
		};
/* End PBXProject section */

/* Begin PBXSourcesBuildPhase section */
		BCD4E65027E2640D008F7431 /* Sources */ = {
			isa = PBXSourcesBuildPhase;
			buildActionMask = 2147483647;
			files = (
				BCD4E66527E26A19008F7431 /* Guild.swift in Sources */,
				BCD4E65827E2640D008F7431 /* main.swift in Sources */,
				BCD4E66127E266C7008F7431 /* Game.swift in Sources */,
				BCA12499281CA04A00B954BE /* Cards.swift in Sources */,
				BCCB44E12803489B005E9EEB /* Weapon.swift in Sources */,
				BCD4E66727E26A38008F7431 /* Player.swift in Sources */,
				BCD4E65F27E264B8008F7431 /* Fighters.swift in Sources */,
			);
			runOnlyForDeploymentPostprocessing = 0;
		};
/* End PBXSourcesBuildPhase section */

/* Begin XCBuildConfiguration section */
		BCD4E65927E2640D008F7431 /* Debug */ = {
			isa = XCBuildConfiguration;
			buildSettings = {
				ALWAYS_SEARCH_USER_PATHS = NO;
				CLANG_ANALYZER_NONNULL = YES;
				CLANG_ANALYZER_NUMBER_OBJECT_CONVERSION = YES_AGGRESSIVE;
				CLANG_CXX_LANGUAGE_STANDARD = "gnu++17";
				CLANG_ENABLE_MODULES = YES;
				CLANG_ENABLE_OBJC_ARC = YES;
				CLANG_ENABLE_OBJC_WEAK = YES;
				CLANG_WARN_BLOCK_CAPTURE_AUTORELEASING = YES;
				CLANG_WARN_BOOL_CONVERSION = YES;
				CLANG_WARN_COMMA = YES;
				CLANG_WARN_CONSTANT_CONVERSION = YES;
				CLANG_WARN_DEPRECATED_OBJC_IMPLEMENTATIONS = YES;
				CLANG_WARN_DIRECT_OBJC_ISA_USAGE = YES_ERROR;
				CLANG_WARN_DOCUMENTATION_COMMENTS = YES;
				CLANG_WARN_EMPTY_BODY = YES;
				CLANG_WARN_ENUM_CONVERSION = YES;
				CLANG_WARN_INFINITE_RECURSION = YES;
				CLANG_WARN_INT_CONVERSION = YES;
				CLANG_WARN_NON_LITERAL_NULL_CONVERSION = YES;
				CLANG_WARN_OBJC_IMPLICIT_RETAIN_SELF = YES;
				CLANG_WARN_OBJC_LITERAL_CONVERSION = YES;
				CLANG_WARN_OBJC_ROOT_CLASS = YES_ERROR;
				CLANG_WARN_QUOTED_INCLUDE_IN_FRAMEWORK_HEADER = YES;
				CLANG_WARN_RANGE_LOOP_ANALYSIS = YES;
				CLANG_WARN_STRICT_PROTOTYPES = YES;
				CLANG_WARN_SUSPICIOUS_MOVE = YES;
				CLANG_WARN_UNGUARDED_AVAILABILITY = YES_AGGRESSIVE;
				CLANG_WARN_UNREACHABLE_CODE = YES;
				CLANG_WARN__DUPLICATE_METHOD_MATCH = YES;
				COPY_PHASE_STRIP = NO;
				DEBUG_INFORMATION_FORMAT = dwarf;
				ENABLE_STRICT_OBJC_MSGSEND = YES;
				ENABLE_TESTABILITY = YES;
				GCC_C_LANGUAGE_STANDARD = gnu11;
				GCC_DYNAMIC_NO_PIC = NO;
				GCC_NO_COMMON_BLOCKS = YES;
				GCC_OPTIMIZATION_LEVEL = 0;
				GCC_PREPROCESSOR_DEFINITIONS = (
					"DEBUG=1",
					"$(inherited)",
				);
				GCC_WARN_64_TO_32_BIT_CONVERSION = YES;
				GCC_WARN_ABOUT_RETURN_TYPE = YES_ERROR;
				GCC_WARN_UNDECLARED_SELECTOR = YES;
				GCC_WARN_UNINITIALIZED_AUTOS = YES_AGGRESSIVE;
				GCC_WARN_UNUSED_FUNCTION = YES;
				GCC_WARN_UNUSED_VARIABLE = YES;
				MACOSX_DEPLOYMENT_TARGET = 12.2;
				MTL_ENABLE_DEBUG_INFO = INCLUDE_SOURCE;
				MTL_FAST_MATH = YES;
				ONLY_ACTIVE_ARCH = YES;
				SDKROOT = macosx;
				SWIFT_ACTIVE_COMPILATION_CONDITIONS = DEBUG;
				SWIFT_OPTIMIZATION_LEVEL = "-Onone";
			};
			name = Debug;
		};
		BCD4E65A27E2640D008F7431 /* Release */ = {
			isa = XCBuildConfiguration;
			buildSettings = {
				ALWAYS_SEARCH_USER_PATHS = NO;
				CLANG_ANALYZER_NONNULL = YES;
				CLANG_ANALYZER_NUMBER_OBJECT_CONVERSION = YES_AGGRESSIVE;
				CLANG_CXX_LANGUAGE_STANDARD = "gnu++17";
				CLANG_ENABLE_MODULES = YES;
				CLANG_ENABLE_OBJC_ARC = YES;
				CLANG_ENABLE_OBJC_WEAK = YES;
				CLANG_WARN_BLOCK_CAPTURE_AUTORELEASING = YES;
				CLANG_WARN_BOOL_CONVERSION = YES;
				CLANG_WARN_COMMA = YES;
				CLANG_WARN_CONSTANT_CONVERSION = YES;
				CLANG_WARN_DEPRECATED_OBJC_IMPLEMENTATIONS = YES;
				CLANG_WARN_DIRECT_OBJC_ISA_USAGE = YES_ERROR;
				CLANG_WARN_DOCUMENTATION_COMMENTS = YES;
				CLANG_WARN_EMPTY_BODY = YES;
				CLANG_WARN_ENUM_CONVERSION = YES;
				CLANG_WARN_INFINITE_RECURSION = YES;
				CLANG_WARN_INT_CONVERSION = YES;
				CLANG_WARN_NON_LITERAL_NULL_CONVERSION = YES;
				CLANG_WARN_OBJC_IMPLICIT_RETAIN_SELF = YES;
				CLANG_WARN_OBJC_LITERAL_CONVERSION = YES;
				CLANG_WARN_OBJC_ROOT_CLASS = YES_ERROR;
				CLANG_WARN_QUOTED_INCLUDE_IN_FRAMEWORK_HEADER = YES;
				CLANG_WARN_RANGE_LOOP_ANALYSIS = YES;
				CLANG_WARN_STRICT_PROTOTYPES = YES;
				CLANG_WARN_SUSPICIOUS_MOVE = YES;
				CLANG_WARN_UNGUARDED_AVAILABILITY = YES_AGGRESSIVE;
				CLANG_WARN_UNREACHABLE_CODE = YES;
				CLANG_WARN__DUPLICATE_METHOD_MATCH = YES;
				COPY_PHASE_STRIP = NO;
				DEBUG_INFORMATION_FORMAT = "dwarf-with-dsym";
				ENABLE_NS_ASSERTIONS = NO;
				ENABLE_STRICT_OBJC_MSGSEND = YES;
				GCC_C_LANGUAGE_STANDARD = gnu11;
				GCC_NO_COMMON_BLOCKS = YES;
				GCC_WARN_64_TO_32_BIT_CONVERSION = YES;
				GCC_WARN_ABOUT_RETURN_TYPE = YES_ERROR;
				GCC_WARN_UNDECLARED_SELECTOR = YES;
				GCC_WARN_UNINITIALIZED_AUTOS = YES_AGGRESSIVE;
				GCC_WARN_UNUSED_FUNCTION = YES;
				GCC_WARN_UNUSED_VARIABLE = YES;
				MACOSX_DEPLOYMENT_TARGET = 12.2;
				MTL_ENABLE_DEBUG_INFO = NO;
				MTL_FAST_MATH = YES;
				SDKROOT = macosx;
				SWIFT_COMPILATION_MODE = wholemodule;
				SWIFT_OPTIMIZATION_LEVEL = "-O";
			};
			name = Release;
		};
		BCD4E65C27E2640D008F7431 /* Debug */ = {
			isa = XCBuildConfiguration;
			buildSettings = {
				CODE_SIGN_STYLE = Automatic;
				DEVELOPMENT_TEAM = 9MRD2CZ6V7;
				ENABLE_HARDENED_RUNTIME = YES;
				PRODUCT_NAME = "$(TARGET_NAME)";
				SWIFT_VERSION = 5.0;
			};
			name = Debug;
		};
		BCD4E65D27E2640D008F7431 /* Release */ = {
			isa = XCBuildConfiguration;
			buildSettings = {
				CODE_SIGN_STYLE = Automatic;
				DEVELOPMENT_TEAM = 9MRD2CZ6V7;
				ENABLE_HARDENED_RUNTIME = YES;
				PRODUCT_NAME = "$(TARGET_NAME)";
				SWIFT_VERSION = 5.0;
			};
			name = Release;
		};
/* End XCBuildConfiguration section */

/* Begin XCConfigurationList section */
		BCD4E64F27E2640D008F7431 /* Build configuration list for PBXProject "Game_theLastBattle" */ = {
			isa = XCConfigurationList;
			buildConfigurations = (
				BCD4E65927E2640D008F7431 /* Debug */,
				BCD4E65A27E2640D008F7431 /* Release */,
			);
			defaultConfigurationIsVisible = 0;
			defaultConfigurationName = Release;
		};
		BCD4E65B27E2640D008F7431 /* Build configuration list for PBXNativeTarget "Game_theLastBattle" */ = {
			isa = XCConfigurationList;
			buildConfigurations = (
				BCD4E65C27E2640D008F7431 /* Debug */,
				BCD4E65D27E2640D008F7431 /* Release */,
			);
			defaultConfigurationIsVisible = 0;
			defaultConfigurationName = Release;
		};
/* End XCConfigurationList section */
	};
	rootObject = BCD4E64C27E2640D008F7431 /* Project object */;
}
